
Microsoft Visual Studio Solution File, Format Version 12.00
# Visual Studio 2013
VisualStudioVersion = 12.0.40629.0
MinimumVisualStudioVersion = 10.0.40219.1
Project("{FAE04EC0-301F-11D3-BF4B-00C04F79EFBC}") = "Abstrakcyjne1", "Abstrakcyjne1\Abstrakcyjne1.csproj", "{EDA3AD2A-63C8-4B36-A128-060846C1957D}"
EndProject
Project("{FAE04EC0-301F-11D3-BF4B-00C04F79EFBC}") = "Tests", "Tests\Tests.csproj", "{77EADBA1-0B4D-4069-8BEE-49FDC7466ED5}"
EndProject
Global
	GlobalSection(SolutionConfigurationPlatforms) = preSolution
		Debug|Any CPU = Debug|Any CPU
		Release|Any CPU = Release|Any CPU
	EndGlobalSection
	GlobalSection(ProjectConfigurationPlatforms) = postSolution
		{EDA3AD2A-63C8-4B36-A128-060846C1957D}.Debug|Any CPU.ActiveCfg = Debug|Any CPU
		{EDA3AD2A-63C8-4B36-A128-060846C1957D}.Debug|Any CPU.Build.0 = Debug|Any CPU
		{EDA3AD2A-63C8-4B36-A128-060846C1957D}.Release|Any CPU.ActiveCfg = Release|Any CPU
		{EDA3AD2A-63C8-4B36-A128-060846C1957D}.Release|Any CPU.Build.0 = Release|Any CPU
		{77EADBA1-0B4D-4069-8BEE-49FDC7466ED5}.Debug|Any CPU.ActiveCfg = Debug|Any CPU
		{77EADBA1-0B4D-4069-8BEE-49FDC7466ED5}.Debug|Any CPU.Build.0 = Debug|Any CPU
		{77EADBA1-0B4D-4069-8BEE-49FDC7466ED5}.Release|Any CPU.ActiveCfg = Release|Any CPU
		{77EADBA1-0B4D-4069-8BEE-49FDC7466ED5}.Release|Any CPU.Build.0 = Release|Any CPU
	EndGlobalSection
	GlobalSection(SolutionProperties) = preSolution
		HideSolutionNode = FALSE
	EndGlobalSection
EndGlobal
